
Microsoft Visual Studio Solution File, Format Version 12.00
# Visual Studio 2015
Project("{FAE04EC0-301F-11D3-BF4B-00C04F79EFBC}") = "Moles.CSharp", "Moles.CSharp.csproj", "{92B76E72-342A-2C45-82AC-DDD1DCBFEEEA}"
EndProject
Global
	GlobalSection(SolutionConfigurationPlatforms) = preSolution
		Debug|Any CPU = Debug|Any CPU
		Release|Any CPU = Release|Any CPU
	EndGlobalSection
	GlobalSection(ProjectConfigurationPlatforms) = postSolution
		{92B76E72-342A-2C45-82AC-DDD1DCBFEEEA}.Debug|Any CPU.ActiveCfg = Debug|Any CPU
		{92B76E72-342A-2C45-82AC-DDD1DCBFEEEA}.Debug|Any CPU.Build.0 = Debug|Any CPU
		{92B76E72-342A-2C45-82AC-DDD1DCBFEEEA}.Release|Any CPU.ActiveCfg = Release|Any CPU
		{92B76E72-342A-2C45-82AC-DDD1DCBFEEEA}.Release|Any CPU.Build.0 = Release|Any CPU
	EndGlobalSection
	GlobalSection(SolutionProperties) = preSolution
		HideSolutionNode = FALSE
	EndGlobalSection
EndGlobal
